// !$*UTF8*$!
{
	archiveVersion = 1;
	classes = {
	};
	objectVersion = 77;
	objects = {

/* Begin PBXContainerItemProxy section */
		DDCAF4DD2CFEBC8B0000606C /* PBXContainerItemProxy */ = {
			isa = PBXContainerItemProxy;
			containerPortal = DDCAF4C42CFEBC890000606C /* Project object */;
			proxyType = 1;
			remoteGlobalIDString = DDCAF4CB2CFEBC890000606C;
			remoteInfo = mobile_challenge;
		};
		DDCAF4E72CFEBC8B0000606C /* PBXContainerItemProxy */ = {
			isa = PBXContainerItemProxy;
			containerPortal = DDCAF4C42CFEBC890000606C /* Project object */;
			proxyType = 1;
			remoteGlobalIDString = DDCAF4CB2CFEBC890000606C;
			remoteInfo = mobile_challenge;
		};
/* End PBXContainerItemProxy section */

/* Begin PBXFileReference section */
		DDCAF4CC2CFEBC890000606C /* mobile_challenge.app */ = {isa = PBXFileReference; explicitFileType = wrapper.application; includeInIndex = 0; path = mobile_challenge.app; sourceTree = BUILT_PRODUCTS_DIR; };
		DDCAF4DC2CFEBC8B0000606C /* mobile_challengeTests.xctest */ = {isa = PBXFileReference; explicitFileType = wrapper.cfbundle; includeInIndex = 0; path = mobile_challengeTests.xctest; sourceTree = BUILT_PRODUCTS_DIR; };
		DDCAF4E62CFEBC8B0000606C /* mobile_challengeUITests.xctest */ = {isa = PBXFileReference; explicitFileType = wrapper.cfbundle; includeInIndex = 0; path = mobile_challengeUITests.xctest; sourceTree = BUILT_PRODUCTS_DIR; };
/* End PBXFileReference section */

/* Begin PBXFileSystemSynchronizedRootGroup section */
		DDCAF4CE2CFEBC890000606C /* mobile_challenge */ = {
			isa = PBXFileSystemSynchronizedRootGroup;
			path = mobile_challenge;
			sourceTree = "<group>";
		};
		DDCAF4DF2CFEBC8B0000606C /* mobile_challengeTests */ = {
			isa = PBXFileSystemSynchronizedRootGroup;
			path = mobile_challengeTests;
			sourceTree = "<group>";
		};
		DDCAF4E92CFEBC8B0000606C /* mobile_challengeUITests */ = {
			isa = PBXFileSystemSynchronizedRootGroup;
			path = mobile_challengeUITests;
			sourceTree = "<group>";
		};
/* End PBXFileSystemSynchronizedRootGroup section */

/* Begin PBXFrameworksBuildPhase section */
		DDCAF4C92CFEBC890000606C /* Frameworks */ = {
			isa = PBXFrameworksBuildPhase;
			buildActionMask = 2147483647;
			files = (
			);
			runOnlyForDeploymentPostprocessing = 0;
		};
		DDCAF4D92CFEBC8B0000606C /* Frameworks */ = {
			isa = PBXFrameworksBuildPhase;
			buildActionMask = 2147483647;
			files = (
			);
			runOnlyForDeploymentPostprocessing = 0;
		};
		DDCAF4E32CFEBC8B0000606C /* Frameworks */ = {
			isa = PBXFrameworksBuildPhase;
			buildActionMask = 2147483647;
			files = (
			);
			runOnlyForDeploymentPostprocessing = 0;
		};
/* End PBXFrameworksBuildPhase section */

/* Begin PBXGroup section */
		DDCAF4C32CFEBC890000606C = {
			isa = PBXGroup;
			children = (
				DDCAF4CE2CFEBC890000606C /* mobile_challenge */,
				DDCAF4DF2CFEBC8B0000606C /* mobile_challengeTests */,
				DDCAF4E92CFEBC8B0000606C /* mobile_challengeUITests */,
				DDCAF4CD2CFEBC890000606C /* Products */,
			);
			sourceTree = "<group>";
		};
		DDCAF4CD2CFEBC890000606C /* Products */ = {
			isa = PBXGroup;
			children = (
				DDCAF4CC2CFEBC890000606C /* mobile_challenge.app */,
				DDCAF4DC2CFEBC8B0000606C /* mobile_challengeTests.xctest */,
				DDCAF4E62CFEBC8B0000606C /* mobile_challengeUITests.xctest */,
			);
			name = Products;
			sourceTree = "<group>";
		};
/* End PBXGroup section */

/* Begin PBXNativeTarget section */
		DDCAF4CB2CFEBC890000606C /* mobile_challenge */ = {
			isa = PBXNativeTarget;
			buildConfigurationList = DDCAF4F02CFEBC8B0000606C /* Build configuration list for PBXNativeTarget "mobile_challenge" */;
			buildPhases = (
				DDCAF4C82CFEBC890000606C /* Sources */,
				DDCAF4C92CFEBC890000606C /* Frameworks */,
				DDCAF4CA2CFEBC890000606C /* Resources */,
			);
			buildRules = (
			);
			dependencies = (
			);
			fileSystemSynchronizedGroups = (
				DDCAF4CE2CFEBC890000606C /* mobile_challenge */,
			);
			name = mobile_challenge;
			packageProductDependencies = (
			);
			productName = mobile_challenge;
			productReference = DDCAF4CC2CFEBC890000606C /* mobile_challenge.app */;
			productType = "com.apple.product-type.application";
		};
		DDCAF4DB2CFEBC8B0000606C /* mobile_challengeTests */ = {
			isa = PBXNativeTarget;
			buildConfigurationList = DDCAF4F32CFEBC8B0000606C /* Build configuration list for PBXNativeTarget "mobile_challengeTests" */;
			buildPhases = (
				DDCAF4D82CFEBC8B0000606C /* Sources */,
				DDCAF4D92CFEBC8B0000606C /* Frameworks */,
				DDCAF4DA2CFEBC8B0000606C /* Resources */,
			);
			buildRules = (
			);
			dependencies = (
				DDCAF4DE2CFEBC8B0000606C /* PBXTargetDependency */,
			);
			fileSystemSynchronizedGroups = (
				DDCAF4DF2CFEBC8B0000606C /* mobile_challengeTests */,
			);
			name = mobile_challengeTests;
			packageProductDependencies = (
			);
			productName = mobile_challengeTests;
			productReference = DDCAF4DC2CFEBC8B0000606C /* mobile_challengeTests.xctest */;
			productType = "com.apple.product-type.bundle.unit-test";
		};
		DDCAF4E52CFEBC8B0000606C /* mobile_challengeUITests */ = {
			isa = PBXNativeTarget;
			buildConfigurationList = DDCAF4F62CFEBC8B0000606C /* Build configuration list for PBXNativeTarget "mobile_challengeUITests" */;
			buildPhases = (
				DDCAF4E22CFEBC8B0000606C /* Sources */,
				DDCAF4E32CFEBC8B0000606C /* Frameworks */,
				DDCAF4E42CFEBC8B0000606C /* Resources */,
			);
			buildRules = (
			);
			dependencies = (
				DDCAF4E82CFEBC8B0000606C /* PBXTargetDependency */,
			);
			fileSystemSynchronizedGroups = (
				DDCAF4E92CFEBC8B0000606C /* mobile_challengeUITests */,
			);
			name = mobile_challengeUITests;
			packageProductDependencies = (
			);
			productName = mobile_challengeUITests;
			productReference = DDCAF4E62CFEBC8B0000606C /* mobile_challengeUITests.xctest */;
			productType = "com.apple.product-type.bundle.ui-testing";
		};
/* End PBXNativeTarget section */

/* Begin PBXProject section */
		DDCAF4C42CFEBC890000606C /* Project object */ = {
			isa = PBXProject;
			attributes = {
				BuildIndependentTargetsInParallel = 1;
				LastSwiftUpdateCheck = 1610;
				LastUpgradeCheck = 1610;
				TargetAttributes = {
					DDCAF4CB2CFEBC890000606C = {
						CreatedOnToolsVersion = 16.1;
					};
					DDCAF4DB2CFEBC8B0000606C = {
						CreatedOnToolsVersion = 16.1;
						TestTargetID = DDCAF4CB2CFEBC890000606C;
					};
					DDCAF4E52CFEBC8B0000606C = {
						CreatedOnToolsVersion = 16.1;
						TestTargetID = DDCAF4CB2CFEBC890000606C;
					};
				};
			};
			buildConfigurationList = DDCAF4C72CFEBC890000606C /* Build configuration list for PBXProject "mobile_challenge" */;
			developmentRegion = en;
			hasScannedForEncodings = 0;
			knownRegions = (
				en,
				Base,
			);
			mainGroup = DDCAF4C32CFEBC890000606C;
			minimizedProjectReferenceProxies = 1;
			preferredProjectObjectVersion = 77;
			productRefGroup = DDCAF4CD2CFEBC890000606C /* Products */;
			projectDirPath = "";
			projectRoot = "";
			targets = (
				DDCAF4CB2CFEBC890000606C /* mobile_challenge */,
				DDCAF4DB2CFEBC8B0000606C /* mobile_challengeTests */,
				DDCAF4E52CFEBC8B0000606C /* mobile_challengeUITests */,
			);
		};
/* End PBXProject section */

/* Begin PBXResourcesBuildPhase section */
		DDCAF4CA2CFEBC890000606C /* Resources */ = {
			isa = PBXResourcesBuildPhase;
			buildActionMask = 2147483647;
			files = (
			);
			runOnlyForDeploymentPostprocessing = 0;
		};
		DDCAF4DA2CFEBC8B0000606C /* Resources */ = {
			isa = PBXResourcesBuildPhase;
			buildActionMask = 2147483647;
			files = (
			);
			runOnlyForDeploymentPostprocessing = 0;
		};
		DDCAF4E42CFEBC8B0000606C /* Resources */ = {
			isa = PBXResourcesBuildPhase;
			buildActionMask = 2147483647;
			files = (
			);
			runOnlyForDeploymentPostprocessing = 0;
		};
/* End PBXResourcesBuildPhase section */

/* Begin PBXSourcesBuildPhase section */
		DDCAF4C82CFEBC890000606C /* Sources */ = {
			isa = PBXSourcesBuildPhase;
			buildActionMask = 2147483647;
			files = (
			);
			runOnlyForDeploymentPostprocessing = 0;
		};
		DDCAF4D82CFEBC8B0000606C /* Sources */ = {
			isa = PBXSourcesBuildPhase;
			buildActionMask = 2147483647;
			files = (
			);
			runOnlyForDeploymentPostprocessing = 0;
		};
		DDCAF4E22CFEBC8B0000606C /* Sources */ = {
			isa = PBXSourcesBuildPhase;
			buildActionMask = 2147483647;
			files = (
			);
			runOnlyForDeploymentPostprocessing = 0;
		};
/* End PBXSourcesBuildPhase section */

/* Begin PBXTargetDependency section */
		DDCAF4DE2CFEBC8B0000606C /* PBXTargetDependency */ = {
			isa = PBXTargetDependency;
			target = DDCAF4CB2CFEBC890000606C /* mobile_challenge */;
			targetProxy = DDCAF4DD2CFEBC8B0000606C /* PBXContainerItemProxy */;
		};
		DDCAF4E82CFEBC8B0000606C /* PBXTargetDependency */ = {
			isa = PBXTargetDependency;
			target = DDCAF4CB2CFEBC890000606C /* mobile_challenge */;
			targetProxy = DDCAF4E72CFEBC8B0000606C /* PBXContainerItemProxy */;
		};
/* End PBXTargetDependency section */

/* Begin XCBuildConfiguration section */
		DDCAF4EE2CFEBC8B0000606C /* Debug */ = {
			isa = XCBuildConfiguration;
			buildSettings = {
				ALWAYS_SEARCH_USER_PATHS = NO;
				ASSETCATALOG_COMPILER_GENERATE_SWIFT_ASSET_SYMBOL_EXTENSIONS = YES;
				CLANG_ANALYZER_NONNULL = YES;
				CLANG_ANALYZER_NUMBER_OBJECT_CONVERSION = YES_AGGRESSIVE;
				CLANG_CXX_LANGUAGE_STANDARD = "gnu++20";
				CLANG_ENABLE_MODULES = YES;
				CLANG_ENABLE_OBJC_ARC = YES;
				CLANG_ENABLE_OBJC_WEAK = YES;
				CLANG_WARN_BLOCK_CAPTURE_AUTORELEASING = YES;
				CLANG_WARN_BOOL_CONVERSION = YES;
				CLANG_WARN_COMMA = YES;
				CLANG_WARN_CONSTANT_CONVERSION = YES;
				CLANG_WARN_DEPRECATED_OBJC_IMPLEMENTATIONS = YES;
				CLANG_WARN_DIRECT_OBJC_ISA_USAGE = YES_ERROR;
				CLANG_WARN_DOCUMENTATION_COMMENTS = YES;
				CLANG_WARN_EMPTY_BODY = YES;
				CLANG_WARN_ENUM_CONVERSION = YES;
				CLANG_WARN_INFINITE_RECURSION = YES;
				CLANG_WARN_INT_CONVERSION = YES;
				CLANG_WARN_NON_LITERAL_NULL_CONVERSION = YES;
				CLANG_WARN_OBJC_IMPLICIT_RETAIN_SELF = YES;
				CLANG_WARN_OBJC_LITERAL_CONVERSION = YES;
				CLANG_WARN_OBJC_ROOT_CLASS = YES_ERROR;
				CLANG_WARN_QUOTED_INCLUDE_IN_FRAMEWORK_HEADER = YES;
				CLANG_WARN_RANGE_LOOP_ANALYSIS = YES;
				CLANG_WARN_STRICT_PROTOTYPES = YES;
				CLANG_WARN_SUSPICIOUS_MOVE = YES;
				CLANG_WARN_UNGUARDED_AVAILABILITY = YES_AGGRESSIVE;
				CLANG_WARN_UNREACHABLE_CODE = YES;
				CLANG_WARN__DUPLICATE_METHOD_MATCH = YES;
				COPY_PHASE_STRIP = NO;
				DEBUG_INFORMATION_FORMAT = dwarf;
				ENABLE_STRICT_OBJC_MSGSEND = YES;
				ENABLE_TESTABILITY = YES;
				ENABLE_USER_SCRIPT_SANDBOXING = YES;
				GCC_C_LANGUAGE_STANDARD = gnu17;
				GCC_DYNAMIC_NO_PIC = NO;
				GCC_NO_COMMON_BLOCKS = YES;
				GCC_OPTIMIZATION_LEVEL = 0;
				GCC_PREPROCESSOR_DEFINITIONS = (
					"DEBUG=1",
					"$(inherited)",
				);
				GCC_WARN_64_TO_32_BIT_CONVERSION = YES;
				GCC_WARN_ABOUT_RETURN_TYPE = YES_ERROR;
				GCC_WARN_UNDECLARED_SELECTOR = YES;
				GCC_WARN_UNINITIALIZED_AUTOS = YES_AGGRESSIVE;
				GCC_WARN_UNUSED_FUNCTION = YES;
				GCC_WARN_UNUSED_VARIABLE = YES;
				IPHONEOS_DEPLOYMENT_TARGET = 18.1;
				LOCALIZATION_PREFERS_STRING_CATALOGS = YES;
				MTL_ENABLE_DEBUG_INFO = INCLUDE_SOURCE;
				MTL_FAST_MATH = YES;
				ONLY_ACTIVE_ARCH = YES;
				SDKROOT = iphoneos;
				SWIFT_ACTIVE_COMPILATION_CONDITIONS = "DEBUG $(inherited)";
				SWIFT_OPTIMIZATION_LEVEL = "-Onone";
			};
			name = Debug;
		};
		DDCAF4EF2CFEBC8B0000606C /* Release */ = {
			isa = XCBuildConfiguration;
			buildSettings = {
				ALWAYS_SEARCH_USER_PATHS = NO;
				ASSETCATALOG_COMPILER_GENERATE_SWIFT_ASSET_SYMBOL_EXTENSIONS = YES;
				CLANG_ANALYZER_NONNULL = YES;
				CLANG_ANALYZER_NUMBER_OBJECT_CONVERSION = YES_AGGRESSIVE;
				CLANG_CXX_LANGUAGE_STANDARD = "gnu++20";
				CLANG_ENABLE_MODULES = YES;
				CLANG_ENABLE_OBJC_ARC = YES;
				CLANG_ENABLE_OBJC_WEAK = YES;
				CLANG_WARN_BLOCK_CAPTURE_AUTORELEASING = YES;
				CLANG_WARN_BOOL_CONVERSION = YES;
				CLANG_WARN_COMMA = YES;
				CLANG_WARN_CONSTANT_CONVERSION = YES;
				CLANG_WARN_DEPRECATED_OBJC_IMPLEMENTATIONS = YES;
				CLANG_WARN_DIRECT_OBJC_ISA_USAGE = YES_ERROR;
				CLANG_WARN_DOCUMENTATION_COMMENTS = YES;
				CLANG_WARN_EMPTY_BODY = YES;
				CLANG_WARN_ENUM_CONVERSION = YES;
				CLANG_WARN_INFINITE_RECURSION = YES;
				CLANG_WARN_INT_CONVERSION = YES;
				CLANG_WARN_NON_LITERAL_NULL_CONVERSION = YES;
				CLANG_WARN_OBJC_IMPLICIT_RETAIN_SELF = YES;
				CLANG_WARN_OBJC_LITERAL_CONVERSION = YES;
				CLANG_WARN_OBJC_ROOT_CLASS = YES_ERROR;
				CLANG_WARN_QUOTED_INCLUDE_IN_FRAMEWORK_HEADER = YES;
				CLANG_WARN_RANGE_LOOP_ANALYSIS = YES;
				CLANG_WARN_STRICT_PROTOTYPES = YES;
				CLANG_WARN_SUSPICIOUS_MOVE = YES;
				CLANG_WARN_UNGUARDED_AVAILABILITY = YES_AGGRESSIVE;
				CLANG_WARN_UNREACHABLE_CODE = YES;
				CLANG_WARN__DUPLICATE_METHOD_MATCH = YES;
				COPY_PHASE_STRIP = NO;
				DEBUG_INFORMATION_FORMAT = "dwarf-with-dsym";
				ENABLE_NS_ASSERTIONS = NO;
				ENABLE_STRICT_OBJC_MSGSEND = YES;
				ENABLE_USER_SCRIPT_SANDBOXING = YES;
				GCC_C_LANGUAGE_STANDARD = gnu17;
				GCC_NO_COMMON_BLOCKS = YES;
				GCC_WARN_64_TO_32_BIT_CONVERSION = YES;
				GCC_WARN_ABOUT_RETURN_TYPE = YES_ERROR;
				GCC_WARN_UNDECLARED_SELECTOR = YES;
				GCC_WARN_UNINITIALIZED_AUTOS = YES_AGGRESSIVE;
				GCC_WARN_UNUSED_FUNCTION = YES;
				GCC_WARN_UNUSED_VARIABLE = YES;
				IPHONEOS_DEPLOYMENT_TARGET = 18.1;
				LOCALIZATION_PREFERS_STRING_CATALOGS = YES;
				MTL_ENABLE_DEBUG_INFO = NO;
				MTL_FAST_MATH = YES;
				SDKROOT = iphoneos;
				SWIFT_COMPILATION_MODE = wholemodule;
				VALIDATE_PRODUCT = YES;
			};
			name = Release;
		};
		DDCAF4F12CFEBC8B0000606C /* Debug */ = {
			isa = XCBuildConfiguration;
			buildSettings = {
				ASSETCATALOG_COMPILER_APPICON_NAME = AppIcon;
				ASSETCATALOG_COMPILER_GLOBAL_ACCENT_COLOR_NAME = AccentColor;
				CODE_SIGN_STYLE = Automatic;
				CURRENT_PROJECT_VERSION = 1;
				DEVELOPMENT_ASSET_PATHS = "\"mobile_challenge/Preview Content\"";
				DEVELOPMENT_TEAM = 8N4L68RSBL;
				ENABLE_PREVIEWS = YES;
				GENERATE_INFOPLIST_FILE = YES;
				INFOPLIST_KEY_UIApplicationSceneManifest_Generation = YES;
				INFOPLIST_KEY_UIApplicationSupportsIndirectInputEvents = YES;
				INFOPLIST_KEY_UILaunchScreen_Generation = YES;
				INFOPLIST_KEY_UISupportedInterfaceOrientations_iPad = "UIInterfaceOrientationPortrait UIInterfaceOrientationPortraitUpsideDown UIInterfaceOrientationLandscapeLeft UIInterfaceOrientationLandscapeRight";
				INFOPLIST_KEY_UISupportedInterfaceOrientations_iPhone = "UIInterfaceOrientationPortrait UIInterfaceOrientationLandscapeLeft UIInterfaceOrientationLandscapeRight";
				LD_RUNPATH_SEARCH_PATHS = (
					"$(inherited)",
					"@executable_path/Frameworks",
				);
				MARKETING_VERSION = 1.0;
				PRODUCT_BUNDLE_IDENTIFIER = "com.PabloBenzo.mobile-challenge";
				PRODUCT_NAME = "$(TARGET_NAME)";
				SWIFT_EMIT_LOC_STRINGS = YES;
				SWIFT_VERSION = 5.0;
				TARGETED_DEVICE_FAMILY = "1,2";
			};
			name = Debug;
		};
		DDCAF4F22CFEBC8B0000606C /* Release */ = {
			isa = XCBuildConfiguration;
			buildSettings = {
				ASSETCATALOG_COMPILER_APPICON_NAME = AppIcon;
				ASSETCATALOG_COMPILER_GLOBAL_ACCENT_COLOR_NAME = AccentColor;
				CODE_SIGN_STYLE = Automatic;
				CURRENT_PROJECT_VERSION = 1;
				DEVELOPMENT_ASSET_PATHS = "\"mobile_challenge/Preview Content\"";
				DEVELOPMENT_TEAM = 8N4L68RSBL;
				ENABLE_PREVIEWS = YES;
				GENERATE_INFOPLIST_FILE = YES;
				INFOPLIST_KEY_UIApplicationSceneManifest_Generation = YES;
				INFOPLIST_KEY_UIApplicationSupportsIndirectInputEvents = YES;
				INFOPLIST_KEY_UILaunchScreen_Generation = YES;
				INFOPLIST_KEY_UISupportedInterfaceOrientations_iPad = "UIInterfaceOrientationPortrait UIInterfaceOrientationPortraitUpsideDown UIInterfaceOrientationLandscapeLeft UIInterfaceOrientationLandscapeRight";
				INFOPLIST_KEY_UISupportedInterfaceOrientations_iPhone = "UIInterfaceOrientationPortrait UIInterfaceOrientationLandscapeLeft UIInterfaceOrientationLandscapeRight";
				LD_RUNPATH_SEARCH_PATHS = (
					"$(inherited)",
					"@executable_path/Frameworks",
				);
				MARKETING_VERSION = 1.0;
				PRODUCT_BUNDLE_IDENTIFIER = "com.PabloBenzo.mobile-challenge";
				PRODUCT_NAME = "$(TARGET_NAME)";
				SWIFT_EMIT_LOC_STRINGS = YES;
				SWIFT_VERSION = 5.0;
				TARGETED_DEVICE_FAMILY = "1,2";
			};
			name = Release;
		};
		DDCAF4F42CFEBC8B0000606C /* Debug */ = {
			isa = XCBuildConfiguration;
			buildSettings = {
				BUNDLE_LOADER = "$(TEST_HOST)";
				CODE_SIGN_STYLE = Automatic;
				CURRENT_PROJECT_VERSION = 1;
				DEVELOPMENT_TEAM = 8N4L68RSBL;
				GENERATE_INFOPLIST_FILE = YES;
				IPHONEOS_DEPLOYMENT_TARGET = 18.1;
				MARKETING_VERSION = 1.0;
				PRODUCT_BUNDLE_IDENTIFIER = "com.PabloBenzo.mobile-challengeTests";
				PRODUCT_NAME = "$(TARGET_NAME)";
				SWIFT_EMIT_LOC_STRINGS = NO;
				SWIFT_VERSION = 5.0;
				TARGETED_DEVICE_FAMILY = "1,2";
				TEST_HOST = "$(BUILT_PRODUCTS_DIR)/mobile_challenge.app/$(BUNDLE_EXECUTABLE_FOLDER_PATH)/mobile_challenge";
			};
			name = Debug;
		};
		DDCAF4F52CFEBC8B0000606C /* Release */ = {
			isa = XCBuildConfiguration;
			buildSettings = {
				BUNDLE_LOADER = "$(TEST_HOST)";
				CODE_SIGN_STYLE = Automatic;
				CURRENT_PROJECT_VERSION = 1;
				DEVELOPMENT_TEAM = 8N4L68RSBL;
				GENERATE_INFOPLIST_FILE = YES;
				IPHONEOS_DEPLOYMENT_TARGET = 18.1;
				MARKETING_VERSION = 1.0;
				PRODUCT_BUNDLE_IDENTIFIER = "com.PabloBenzo.mobile-challengeTests";
				PRODUCT_NAME = "$(TARGET_NAME)";
				SWIFT_EMIT_LOC_STRINGS = NO;
				SWIFT_VERSION = 5.0;
				TARGETED_DEVICE_FAMILY = "1,2";
				TEST_HOST = "$(BUILT_PRODUCTS_DIR)/mobile_challenge.app/$(BUNDLE_EXECUTABLE_FOLDER_PATH)/mobile_challenge";
			};
			name = Release;
		};
		DDCAF4F72CFEBC8B0000606C /* Debug */ = {
			isa = XCBuildConfiguration;
			buildSettings = {
				CODE_SIGN_STYLE = Automatic;
				CURRENT_PROJECT_VERSION = 1;
				DEVELOPMENT_TEAM = 8N4L68RSBL;
				GENERATE_INFOPLIST_FILE = YES;
				MARKETING_VERSION = 1.0;
				PRODUCT_BUNDLE_IDENTIFIER = "com.PabloBenzo.mobile-challengeUITests";
				PRODUCT_NAME = "$(TARGET_NAME)";
				SWIFT_EMIT_LOC_STRINGS = NO;
				SWIFT_VERSION = 5.0;
				TARGETED_DEVICE_FAMILY = "1,2";
				TEST_TARGET_NAME = mobile_challenge;
			};
			name = Debug;
		};
		DDCAF4F82CFEBC8B0000606C /* Release */ = {
			isa = XCBuildConfiguration;
			buildSettings = {
				CODE_SIGN_STYLE = Automatic;
				CURRENT_PROJECT_VERSION = 1;
				DEVELOPMENT_TEAM = 8N4L68RSBL;
				GENERATE_INFOPLIST_FILE = YES;
				MARKETING_VERSION = 1.0;
				PRODUCT_BUNDLE_IDENTIFIER = "com.PabloBenzo.mobile-challengeUITests";
				PRODUCT_NAME = "$(TARGET_NAME)";
				SWIFT_EMIT_LOC_STRINGS = NO;
				SWIFT_VERSION = 5.0;
				TARGETED_DEVICE_FAMILY = "1,2";
				TEST_TARGET_NAME = mobile_challenge;
			};
			name = Release;
		};
/* End XCBuildConfiguration section */

/* Begin XCConfigurationList section */
		DDCAF4C72CFEBC890000606C /* Build configuration list for PBXProject "mobile_challenge" */ = {
			isa = XCConfigurationList;
			buildConfigurations = (
				DDCAF4EE2CFEBC8B0000606C /* Debug */,
				DDCAF4EF2CFEBC8B0000606C /* Release */,
			);
			defaultConfigurationIsVisible = 0;
			defaultConfigurationName = Release;
		};
		DDCAF4F02CFEBC8B0000606C /* Build configuration list for PBXNativeTarget "mobile_challenge" */ = {
			isa = XCConfigurationList;
			buildConfigurations = (
				DDCAF4F12CFEBC8B0000606C /* Debug */,
				DDCAF4F22CFEBC8B0000606C /* Release */,
			);
			defaultConfigurationIsVisible = 0;
			defaultConfigurationName = Release;
		};
		DDCAF4F32CFEBC8B0000606C /* Build configuration list for PBXNativeTarget "mobile_challengeTests" */ = {
			isa = XCConfigurationList;
			buildConfigurations = (
				DDCAF4F42CFEBC8B0000606C /* Debug */,
				DDCAF4F52CFEBC8B0000606C /* Release */,
			);
			defaultConfigurationIsVisible = 0;
			defaultConfigurationName = Release;
		};
		DDCAF4F62CFEBC8B0000606C /* Build configuration list for PBXNativeTarget "mobile_challengeUITests" */ = {
			isa = XCConfigurationList;
			buildConfigurations = (
				DDCAF4F72CFEBC8B0000606C /* Debug */,
				DDCAF4F82CFEBC8B0000606C /* Release */,
			);
			defaultConfigurationIsVisible = 0;
			defaultConfigurationName = Release;
		};
/* End XCConfigurationList section */
	};
	rootObject = DDCAF4C42CFEBC890000606C /* Project object */;
}
